PODS:
  - SDWebImage (4.4.4):
    - SDWebImage/Core (= 4.4.4)
  - SDWebImage/Core (4.4.4)
  - WLButtonGridView (0.1.0):
    - SDWebImage (~> 4.0)
    - YYCategories
  - YYCategories (1.0.4):
    - YYCategories/no-arc (= 1.0.4)
  - YYCategories/no-arc (1.0.4)

DEPENDENCIES:
  - WLButtonGridView (from `/Users/fallrainy/Home/LocalPods/WLButtonGridView`)

SPEC REPOS:
  https://github.com/cocoapods/specs.git:
    - SDWebImage
    - YYCategories

EXTERNAL SOURCES:
  WLButtonGridView:
    :path: "/Users/fallrainy/Home/LocalPods/WLButtonGridView"

SPEC CHECKSUMS:
  SDWebImage: c00ec18ab25d10e5ffac109b0f78d1b4341c9691
  WLButtonGridView: 8500a832745f540d0fd0fa9d551a35e4beccd819
  YYCategories: 6bcd4314c6661a561410dce4a793379ebd306abd

PODFILE CHECKSUM: 6ab9126e2fec436e33b89c4204500eb672219a69

COCOAPODS: 1.5.3
